
Microsoft Visual Studio Solution File, Format Version 12.00
# Visual Studio 15
VisualStudioVersion = 15.0.27130.2010
MinimumVisualStudioVersion = 10.0.40219.1
Project("{FAE04EC0-301F-11D3-BF4B-00C04F79EFBC}") = "DownloadMusicCore", "DownloadMusicCore\DownloadMusicCore.csproj", "{05E14D0B-4A47-4481-8F71-E49AC50B2189}"
EndProject
Project("{FAE04EC0-301F-11D3-BF4B-00C04F79EFBC}") = "WindowsApp", "WindowsApp\WindowsApp.csproj", "{820D6BA9-E7A9-45A6-B5A5-7F299AAEDE9E}"
EndProject
Global
	GlobalSection(SolutionConfigurationPlatforms) = preSolution
		Debug|Any CPU = Debug|Any CPU
		Release|Any CPU = Release|Any CPU
	EndGlobalSection
	GlobalSection(ProjectConfigurationPlatforms) = postSolution
		{05E14D0B-4A47-4481-8F71-E49AC50B2189}.Debug|Any CPU.ActiveCfg = Debug|Any CPU
		{05E14D0B-4A47-4481-8F71-E49AC50B2189}.Debug|Any CPU.Build.0 = Debug|Any CPU
		{05E14D0B-4A47-4481-8F71-E49AC50B2189}.Release|Any CPU.ActiveCfg = Release|Any CPU
		{05E14D0B-4A47-4481-8F71-E49AC50B2189}.Release|Any CPU.Build.0 = Release|Any CPU
		{820D6BA9-E7A9-45A6-B5A5-7F299AAEDE9E}.Debug|Any CPU.ActiveCfg = Debug|Any CPU
		{820D6BA9-E7A9-45A6-B5A5-7F299AAEDE9E}.Debug|Any CPU.Build.0 = Debug|Any CPU
		{820D6BA9-E7A9-45A6-B5A5-7F299AAEDE9E}.Release|Any CPU.ActiveCfg = Release|Any CPU
		{820D6BA9-E7A9-45A6-B5A5-7F299AAEDE9E}.Release|Any CPU.Build.0 = Release|Any CPU
	EndGlobalSection
	GlobalSection(SolutionProperties) = preSolution
		HideSolutionNode = FALSE
	EndGlobalSection
	GlobalSection(ExtensibilityGlobals) = postSolution
		SolutionGuid = {6CFA6533-7DF7-468B-A704-3C655D4634EA}
	EndGlobalSection
EndGlobal
